{
  "version": 4,
  "terraform_version": "1.5.1",
  "serial": 45,
  "lineage": "a149620f-3f2b-ac2f-7695-1a393a0d205d",
  "outputs": {},
  "resources": [
    {
      "mode": "data",
      "type": "yandex_compute_image",
      "name": "ubuntu",
      "provider": "provider[\"registry.terraform.io/yandex-cloud/yandex\"]",
      "instances": [
        {
          "schema_version": 0,
          "attributes": {
            "created_at": "2023-08-14T10:53:20Z",
            "description": "ubuntu 20.04 lts",
            "family": "ubuntu-2004-lts",
            "folder_id": "standard-images",
            "id": "fd8mkq33tt9kvi2c10e5",
            "image_id": "fd8mkq33tt9kvi2c10e5",
            "labels": {},
            "min_disk_size": 5,
            "name": "ubuntu-20-04-lts-v20230814",
            "os_type": "linux",
            "pooled": true,
            "product_ids": [
              "f2ei650idv4fdcutavos"
            ],
            "size": 4,
            "status": "ready"
          },
          "sensitive_attributes": []
        }
      ]
    },
    {
      "mode": "managed",
      "type": "local_file",
      "name": "hosts",
      "provider": "provider[\"registry.terraform.io/hashicorp/local\"]",
      "instances": [
        {
          "schema_version": 0,
          "attributes": {
            "content": "[webservers]web-1   ansible_host=51.250.80.21web-2   ansible_host=158.160.44.152\n\n[databases]main   ansible_host=158.160.117.57replica   ansible_host=158.160.110.173\n\n[storage]storage   ansible_host=62.84.112.212\n",
            "content_base64": null,
            "content_base64sha256": "9F7kwGJuDg9PpKB0Nq9FbT5pjuamAQuF20z6ax4LROI=",
            "content_base64sha512": "laoZbYg/9yue0jzfHex5zXGYaTD6T/9I7YaNei91pCl4RPXh3z5q9LEpKdH/uMO5l3VNbKAiyrCeHZBSPUZnjw==",
            "content_md5": "70093634a64a8666fb28b92b9e67df1e",
            "content_sha1": "c76ff733b4168e8841b2af182313f7b846833f6e",
            "content_sha256": "f45ee4c0626e0e0f4fa4a07436af456d3e698ee6a6010b85db4cfa6b1e0b44e2",
            "content_sha512": "95aa196d883ff72b9ed23cdf1dec79cd71986930fa4fff48ed868d7a2f75a4297844f5e1df3e6af4b12929d1ffb8c3b997754d6ca022cab09e1d90523d46678f",
            "directory_permission": "0777",
            "file_permission": "0777",
            "filename": "./hosts.cfg",
            "id": "c76ff733b4168e8841b2af182313f7b846833f6e",
            "sensitive_content": null,
            "source": null
          },
          "sensitive_attributes": [],
          "dependencies": [
            "yandex_compute_instance.storage",
            "yandex_compute_instance.vms",
            "yandex_compute_instance.web"
          ]
        }
      ]
    },
    {
      "mode": "managed",
      "type": "null_resource",
      "name": "web_hosts_provision",
      "provider": "provider[\"registry.terraform.io/hashicorp/null\"]",
      "instances": [
        {
          "schema_version": 0,
          "attributes": {
            "id": "1238657837786106935",
            "triggers": {
              "always_run": "2023-08-15T23:00:44Z",
              "playbook_src_hash": "---\n\n- name: test\n  gather_facts: false\n  hosts: all\n  vars:\n    ansible_user: ubuntu\n  become: yes\n  tasks:\n\n  - name: Install Nginx Web Server on Debian Family\n    apt:\n      name: nginx\n      state: latest\n      update_cache: yes\n"
            }
          },
          "sensitive_attributes": [],
          "dependencies": [
            "yandex_compute_instance.storage",
            "yandex_compute_instance.vms",
            "yandex_compute_instance.web"
          ]
        }
      ]
    },
    {
      "mode": "managed",
      "type": "yandex_compute_disk",
      "name": "disks",
      "provider": "provider[\"registry.terraform.io/yandex-cloud/yandex\"]",
      "instances": [
        {
          "index_key": 0,
          "schema_version": 0,
          "attributes": {
            "allow_recreate": null,
            "block_size": 4096,
            "created_at": "2023-08-15T21:54:38Z",
            "description": "",
            "disk_placement_policy": [
              {
                "disk_placement_group_id": ""
              }
            ],
            "folder_id": "b1gmc813o5dk00lfnad5",
            "id": "fhmohfp5aprec8d1ic11",
            "image_id": "",
            "labels": {},
            "name": "disk-0",
            "product_ids": [],
            "size": 1,
            "snapshot_id": "",
            "status": "ready",
            "timeouts": null,
            "type": "network-hdd",
            "zone": "ru-central1-a"
          },
          "sensitive_attributes": [],
          "private": "eyJlMmJmYjczMC1lY2FhLTExZTYtOGY4OC0zNDM2M2JjN2M0YzAiOnsiY3JlYXRlIjozMDAwMDAwMDAwMDAsImRlbGV0ZSI6MzAwMDAwMDAwMDAwLCJ1cGRhdGUiOjMwMDAwMDAwMDAwMH19"
        },
        {
          "index_key": 1,
          "schema_version": 0,
          "attributes": {
            "allow_recreate": null,
            "block_size": 4096,
            "created_at": "2023-08-15T21:54:39Z",
            "description": "",
            "disk_placement_policy": [
              {
                "disk_placement_group_id": ""
              }
            ],
            "folder_id": "b1gmc813o5dk00lfnad5",
            "id": "fhmdqq10isblf8d00f2n",
            "image_id": "",
            "labels": {},
            "name": "disk-1",
            "product_ids": [],
            "size": 1,
            "snapshot_id": "",
            "status": "ready",
            "timeouts": null,
            "type": "network-hdd",
            "zone": "ru-central1-a"
          },
          "sensitive_attributes": [],
          "private": "eyJlMmJmYjczMC1lY2FhLTExZTYtOGY4OC0zNDM2M2JjN2M0YzAiOnsiY3JlYXRlIjozMDAwMDAwMDAwMDAsImRlbGV0ZSI6MzAwMDAwMDAwMDAwLCJ1cGRhdGUiOjMwMDAwMDAwMDAwMH19"
        },
        {
          "index_key": 2,
          "schema_version": 0,
          "attributes": {
            "allow_recreate": null,
            "block_size": 4096,
            "created_at": "2023-08-15T21:54:38Z",
            "description": "",
            "disk_placement_policy": [
              {
                "disk_placement_group_id": ""
              }
            ],
            "folder_id": "b1gmc813o5dk00lfnad5",
            "id": "fhm6nimu1vh8po2k2rqn",
            "image_id": "",
            "labels": {},
            "name": "disk-2",
            "product_ids": [],
            "size": 1,
            "snapshot_id": "",
            "status": "ready",
            "timeouts": null,
            "type": "network-hdd",
            "zone": "ru-central1-a"
          },
          "sensitive_attributes": [],
          "private": "eyJlMmJmYjczMC1lY2FhLTExZTYtOGY4OC0zNDM2M2JjN2M0YzAiOnsiY3JlYXRlIjozMDAwMDAwMDAwMDAsImRlbGV0ZSI6MzAwMDAwMDAwMDAwLCJ1cGRhdGUiOjMwMDAwMDAwMDAwMH19"
        }
      ]
    },
    {
      "mode": "managed",
      "type": "yandex_compute_instance",
      "name": "storage",
      "provider": "provider[\"registry.terraform.io/yandex-cloud/yandex\"]",
      "instances": [
        {
          "schema_version": 1,
          "attributes": {
            "allow_recreate": null,
            "allow_stopping_for_update": null,
            "boot_disk": [
              {
                "auto_delete": true,
                "device_name": "fhmoae2ekupalh2j11f1",
                "disk_id": "fhmoae2ekupalh2j11f1",
                "initialize_params": [
                  {
                    "block_size": 4096,
                    "description": "",
                    "image_id": "fd8mkq33tt9kvi2c10e5",
                    "name": "",
                    "size": 5,
                    "snapshot_id": "",
                    "type": "network-hdd"
                  }
                ],
                "mode": "READ_WRITE"
              }
            ],
            "created_at": "2023-08-15T22:02:16Z",
            "description": "",
            "filesystem": [],
            "folder_id": "b1gmc813o5dk00lfnad5",
            "fqdn": "fhmi3ktvph8gn3hls405.auto.internal",
            "gpu_cluster_id": "",
            "hostname": "",
            "id": "fhmi3ktvph8gn3hls405",
            "labels": {},
            "local_disk": [],
            "metadata": {
              "serial-port-enable": "1",
              "ssh-keys": "ubuntu:ssh-rsa AAAAB3NzaC1yc2EAAAADAQABAAABgQDNdZXX1XUJIk37TdoXdDt7gTCtF02BJVhcLu390/iys+wj5QQ1jgCrWk5r6DRvdum6E8U5F8Ddfshm7wbgGVttj2cdHMqK8DiMAUeAW1Kh2bVXiy34QMnH355AzQ/9XmGSTL2w1AdtfbtARhZIkNxT07aEvMjv4ua2C0Nw14oX5t2EEQckQzCAL1+nncoPvJwJBlmt1sVKlGuQtGD+2PnQpdM/Y6sB9ovxlMtxSUvZLXRue9HtcYI+Ctpl24zFcHThpkX2ptCuA7BrZ1Mqc2oN3heRwsFEc+zE2zyXGclMPEJ8/QqjoklPaszVg5VGpyjY1RPWfdxLYa4nTSxkhbxpD0afmS6s6O4nS2hKV6zDvtYzm8FZbpo6UoqvmIwh+klGXp02Psls1dgDG5Peem9kkEnfT2g2UZUY7vTpbKMD+Eneea0gBjZwiATuKj3EJpXGeI/sYFjR6vFH00IWzKtaAF/OgGrMope8ZDqMj2ITtRj8xVZ7lHCQGi/DEim9rj8= root@ubuntu-desktop\n"
            },
            "metadata_options": [
              {
                "aws_v1_http_endpoint": 1,
                "aws_v1_http_token": 2,
                "gce_http_endpoint": 1,
                "gce_http_token": 1
              }
            ],
            "name": "storage",
            "network_acceleration_type": "standard",
            "network_interface": [
              {
                "dns_record": [],
                "index": 0,
                "ip_address": "10.0.1.17",
                "ipv4": true,
                "ipv6": false,
                "ipv6_address": "",
                "ipv6_dns_record": [],
                "mac_address": "d0:0d:12:1d:3b:fc",
                "nat": true,
                "nat_dns_record": [],
                "nat_ip_address": "62.84.112.212",
                "nat_ip_version": "IPV4",
                "security_group_ids": [],
                "subnet_id": "e9bv6ca8ugu212dete28"
              }
            ],
            "placement_policy": [
              {
                "host_affinity_rules": [],
                "placement_group_id": ""
              }
            ],
            "platform_id": "standard-v1",
            "resources": [
              {
                "core_fraction": 5,
                "cores": 2,
                "gpus": 0,
                "memory": 1
              }
            ],
            "scheduling_policy": [
              {
                "preemptible": true
              }
            ],
            "secondary_disk": [
              {
                "auto_delete": false,
                "device_name": "fhmohfp5aprec8d1ic11",
                "disk_id": "fhmohfp5aprec8d1ic11",
                "mode": "READ_WRITE"
              },
              {
                "auto_delete": false,
                "device_name": "fhmdqq10isblf8d00f2n",
                "disk_id": "fhmdqq10isblf8d00f2n",
                "mode": "READ_WRITE"
              },
              {
                "auto_delete": false,
                "device_name": "fhm6nimu1vh8po2k2rqn",
                "disk_id": "fhm6nimu1vh8po2k2rqn",
                "mode": "READ_WRITE"
              }
            ],
            "service_account_id": "",
            "status": "running",
            "timeouts": null,
            "zone": "ru-central1-a"
          },
          "sensitive_attributes": [],
          "private": "eyJlMmJmYjczMC1lY2FhLTExZTYtOGY4OC0zNDM2M2JjN2M0YzAiOnsiY3JlYXRlIjozMDAwMDAwMDAwMDAsImRlbGV0ZSI6MzAwMDAwMDAwMDAwLCJ1cGRhdGUiOjMwMDAwMDAwMDAwMH0sInNjaGVtYV92ZXJzaW9uIjoiMSJ9",
          "dependencies": [
            "data.yandex_compute_image.ubuntu",
            "yandex_compute_disk.disks",
            "yandex_vpc_network.develop",
            "yandex_vpc_subnet.develop"
          ]
        }
      ]
    },
    {
      "mode": "managed",
      "type": "yandex_compute_instance",
      "name": "vms",
      "provider": "provider[\"registry.terraform.io/yandex-cloud/yandex\"]",
      "instances": [
        {
          "index_key": "vm1",
          "schema_version": 1,
          "attributes": {
            "allow_recreate": null,
            "allow_stopping_for_update": null,
            "boot_disk": [
              {
                "auto_delete": true,
                "device_name": "fhmnh40nj8be3dur5ggb",
                "disk_id": "fhmnh40nj8be3dur5ggb",
                "initialize_params": [
                  {
                    "block_size": 4096,
                    "description": "",
                    "image_id": "fd8mkq33tt9kvi2c10e5",
                    "name": "",
                    "size": 10,
                    "snapshot_id": "",
                    "type": "network-hdd"
                  }
                ],
                "mode": "READ_WRITE"
              }
            ],
            "created_at": "2023-08-15T21:37:58Z",
            "description": "",
            "filesystem": [],
            "folder_id": "b1gmc813o5dk00lfnad5",
            "fqdn": "fhmdtlfu16u0shvl5c0n.auto.internal",
            "gpu_cluster_id": "",
            "hostname": "",
            "id": "fhmdtlfu16u0shvl5c0n",
            "labels": {},
            "local_disk": [],
            "metadata": {
              "serial-port-enable": "1",
              "ssh-keys": "ubuntu:ssh-rsa AAAAB3NzaC1yc2EAAAADAQABAAABgQDNdZXX1XUJIk37TdoXdDt7gTCtF02BJVhcLu390/iys+wj5QQ1jgCrWk5r6DRvdum6E8U5F8Ddfshm7wbgGVttj2cdHMqK8DiMAUeAW1Kh2bVXiy34QMnH355AzQ/9XmGSTL2w1AdtfbtARhZIkNxT07aEvMjv4ua2C0Nw14oX5t2EEQckQzCAL1+nncoPvJwJBlmt1sVKlGuQtGD+2PnQpdM/Y6sB9ovxlMtxSUvZLXRue9HtcYI+Ctpl24zFcHThpkX2ptCuA7BrZ1Mqc2oN3heRwsFEc+zE2zyXGclMPEJ8/QqjoklPaszVg5VGpyjY1RPWfdxLYa4nTSxkhbxpD0afmS6s6O4nS2hKV6zDvtYzm8FZbpo6UoqvmIwh+klGXp02Psls1dgDG5Peem9kkEnfT2g2UZUY7vTpbKMD+Eneea0gBjZwiATuKj3EJpXGeI/sYFjR6vFH00IWzKtaAF/OgGrMope8ZDqMj2ITtRj8xVZ7lHCQGi/DEim9rj8= root@ubuntu-desktop\n"
            },
            "metadata_options": [
              {
                "aws_v1_http_endpoint": 1,
                "aws_v1_http_token": 2,
                "gce_http_endpoint": 1,
                "gce_http_token": 1
              }
            ],
            "name": "main",
            "network_acceleration_type": "standard",
            "network_interface": [
              {
                "dns_record": [],
                "index": 0,
                "ip_address": "10.0.1.21",
                "ipv4": true,
                "ipv6": false,
                "ipv6_address": "",
                "ipv6_dns_record": [],
                "mac_address": "d0:0d:de:d5:fe:09",
                "nat": true,
                "nat_dns_record": [],
                "nat_ip_address": "158.160.117.57",
                "nat_ip_version": "IPV4",
                "security_group_ids": [],
                "subnet_id": "e9bv6ca8ugu212dete28"
              }
            ],
            "placement_policy": [
              {
                "host_affinity_rules": [],
                "placement_group_id": ""
              }
            ],
            "platform_id": "standard-v1",
            "resources": [
              {
                "core_fraction": 20,
                "cores": 2,
                "gpus": 0,
                "memory": 2
              }
            ],
            "scheduling_policy": [
              {
                "preemptible": true
              }
            ],
            "secondary_disk": [],
            "service_account_id": "",
            "status": "running",
            "timeouts": null,
            "zone": "ru-central1-a"
          },
          "sensitive_attributes": [],
          "private": "eyJlMmJmYjczMC1lY2FhLTExZTYtOGY4OC0zNDM2M2JjN2M0YzAiOnsiY3JlYXRlIjozMDAwMDAwMDAwMDAsImRlbGV0ZSI6MzAwMDAwMDAwMDAwLCJ1cGRhdGUiOjMwMDAwMDAwMDAwMH0sInNjaGVtYV92ZXJzaW9uIjoiMSJ9",
          "dependencies": [
            "data.yandex_compute_image.ubuntu",
            "yandex_compute_instance.web",
            "yandex_vpc_network.develop",
            "yandex_vpc_security_group.example",
            "yandex_vpc_subnet.develop"
          ]
        },
        {
          "index_key": "vm2",
          "schema_version": 1,
          "attributes": {
            "allow_recreate": null,
            "allow_stopping_for_update": null,
            "boot_disk": [
              {
                "auto_delete": true,
                "device_name": "fhmur6ciku9k38psk2as",
                "disk_id": "fhmur6ciku9k38psk2as",
                "initialize_params": [
                  {
                    "block_size": 4096,
                    "description": "",
                    "image_id": "fd8mkq33tt9kvi2c10e5",
                    "name": "",
                    "size": 10,
                    "snapshot_id": "",
                    "type": "network-hdd"
                  }
                ],
                "mode": "READ_WRITE"
              }
            ],
            "created_at": "2023-08-15T21:37:59Z",
            "description": "",
            "filesystem": [],
            "folder_id": "b1gmc813o5dk00lfnad5",
            "fqdn": "fhm8r518806f1plfmk5f.auto.internal",
            "gpu_cluster_id": "",
            "hostname": "",
            "id": "fhm8r518806f1plfmk5f",
            "labels": {},
            "local_disk": [],
            "metadata": {
              "serial-port-enable": "1",
              "ssh-keys": "ubuntu:ssh-rsa AAAAB3NzaC1yc2EAAAADAQABAAABgQDNdZXX1XUJIk37TdoXdDt7gTCtF02BJVhcLu390/iys+wj5QQ1jgCrWk5r6DRvdum6E8U5F8Ddfshm7wbgGVttj2cdHMqK8DiMAUeAW1Kh2bVXiy34QMnH355AzQ/9XmGSTL2w1AdtfbtARhZIkNxT07aEvMjv4ua2C0Nw14oX5t2EEQckQzCAL1+nncoPvJwJBlmt1sVKlGuQtGD+2PnQpdM/Y6sB9ovxlMtxSUvZLXRue9HtcYI+Ctpl24zFcHThpkX2ptCuA7BrZ1Mqc2oN3heRwsFEc+zE2zyXGclMPEJ8/QqjoklPaszVg5VGpyjY1RPWfdxLYa4nTSxkhbxpD0afmS6s6O4nS2hKV6zDvtYzm8FZbpo6UoqvmIwh+klGXp02Psls1dgDG5Peem9kkEnfT2g2UZUY7vTpbKMD+Eneea0gBjZwiATuKj3EJpXGeI/sYFjR6vFH00IWzKtaAF/OgGrMope8ZDqMj2ITtRj8xVZ7lHCQGi/DEim9rj8= root@ubuntu-desktop\n"
            },
            "metadata_options": [
              {
                "aws_v1_http_endpoint": 1,
                "aws_v1_http_token": 2,
                "gce_http_endpoint": 1,
                "gce_http_token": 1
              }
            ],
            "name": "replica",
            "network_acceleration_type": "standard",
            "network_interface": [
              {
                "dns_record": [],
                "index": 0,
                "ip_address": "10.0.1.18",
                "ipv4": true,
                "ipv6": false,
                "ipv6_address": "",
                "ipv6_dns_record": [],
                "mac_address": "d0:0d:8d:94:28:40",
                "nat": true,
                "nat_dns_record": [],
                "nat_ip_address": "158.160.110.173",
                "nat_ip_version": "IPV4",
                "security_group_ids": [],
                "subnet_id": "e9bv6ca8ugu212dete28"
              }
            ],
            "placement_policy": [
              {
                "host_affinity_rules": [],
                "placement_group_id": ""
              }
            ],
            "platform_id": "standard-v1",
            "resources": [
              {
                "core_fraction": 5,
                "cores": 2,
                "gpus": 0,
                "memory": 1
              }
            ],
            "scheduling_policy": [
              {
                "preemptible": true
              }
            ],
            "secondary_disk": [],
            "service_account_id": "",
            "status": "running",
            "timeouts": null,
            "zone": "ru-central1-a"
          },
          "sensitive_attributes": [],
          "private": "eyJlMmJmYjczMC1lY2FhLTExZTYtOGY4OC0zNDM2M2JjN2M0YzAiOnsiY3JlYXRlIjozMDAwMDAwMDAwMDAsImRlbGV0ZSI6MzAwMDAwMDAwMDAwLCJ1cGRhdGUiOjMwMDAwMDAwMDAwMH0sInNjaGVtYV92ZXJzaW9uIjoiMSJ9",
          "dependencies": [
            "data.yandex_compute_image.ubuntu",
            "yandex_compute_instance.web",
            "yandex_vpc_network.develop",
            "yandex_vpc_security_group.example",
            "yandex_vpc_subnet.develop"
          ]
        }
      ]
    },
    {
      "mode": "managed",
      "type": "yandex_compute_instance",
      "name": "web",
      "provider": "provider[\"registry.terraform.io/yandex-cloud/yandex\"]",
      "instances": [
        {
          "index_key": 0,
          "schema_version": 1,
          "attributes": {
            "allow_recreate": null,
            "allow_stopping_for_update": null,
            "boot_disk": [
              {
                "auto_delete": true,
                "device_name": "fhmd7c0e7fsalsllsnup",
                "disk_id": "fhmd7c0e7fsalsllsnup",
                "initialize_params": [
                  {
                    "block_size": 4096,
                    "description": "",
                    "image_id": "fd8mkq33tt9kvi2c10e5",
                    "name": "",
                    "size": 5,
                    "snapshot_id": "",
                    "type": "network-hdd"
                  }
                ],
                "mode": "READ_WRITE"
              }
            ],
            "created_at": "2023-08-15T21:37:24Z",
            "description": "",
            "filesystem": [],
            "folder_id": "b1gmc813o5dk00lfnad5",
            "fqdn": "fhm9k43gpu7ifs4882us.auto.internal",
            "gpu_cluster_id": "",
            "hostname": "",
            "id": "fhm9k43gpu7ifs4882us",
            "labels": {},
            "local_disk": [],
            "metadata": {
              "serial-port-enable": "1",
              "ssh-keys": "ubuntu:ssh-rsa AAAAB3NzaC1yc2EAAAADAQABAAABgQDNdZXX1XUJIk37TdoXdDt7gTCtF02BJVhcLu390/iys+wj5QQ1jgCrWk5r6DRvdum6E8U5F8Ddfshm7wbgGVttj2cdHMqK8DiMAUeAW1Kh2bVXiy34QMnH355AzQ/9XmGSTL2w1AdtfbtARhZIkNxT07aEvMjv4ua2C0Nw14oX5t2EEQckQzCAL1+nncoPvJwJBlmt1sVKlGuQtGD+2PnQpdM/Y6sB9ovxlMtxSUvZLXRue9HtcYI+Ctpl24zFcHThpkX2ptCuA7BrZ1Mqc2oN3heRwsFEc+zE2zyXGclMPEJ8/QqjoklPaszVg5VGpyjY1RPWfdxLYa4nTSxkhbxpD0afmS6s6O4nS2hKV6zDvtYzm8FZbpo6UoqvmIwh+klGXp02Psls1dgDG5Peem9kkEnfT2g2UZUY7vTpbKMD+Eneea0gBjZwiATuKj3EJpXGeI/sYFjR6vFH00IWzKtaAF/OgGrMope8ZDqMj2ITtRj8xVZ7lHCQGi/DEim9rj8= root@ubuntu-desktop\n"
            },
            "metadata_options": [
              {
                "aws_v1_http_endpoint": 1,
                "aws_v1_http_token": 2,
                "gce_http_endpoint": 1,
                "gce_http_token": 1
              }
            ],
            "name": "web-1",
            "network_acceleration_type": "standard",
            "network_interface": [
              {
                "dns_record": [],
                "index": 0,
                "ip_address": "10.0.1.25",
                "ipv4": true,
                "ipv6": false,
                "ipv6_address": "",
                "ipv6_dns_record": [],
                "mac_address": "d0:0d:9a:10:70:cf",
                "nat": true,
                "nat_dns_record": [],
                "nat_ip_address": "51.250.80.21",
                "nat_ip_version": "IPV4",
                "security_group_ids": [
                  "enpoqqfvgogkdeb85q2v"
                ],
                "subnet_id": "e9bv6ca8ugu212dete28"
              }
            ],
            "placement_policy": [
              {
                "host_affinity_rules": [],
                "placement_group_id": ""
              }
            ],
            "platform_id": "standard-v1",
            "resources": [
              {
                "core_fraction": 5,
                "cores": 2,
                "gpus": 0,
                "memory": 1
              }
            ],
            "scheduling_policy": [
              {
                "preemptible": true
              }
            ],
            "secondary_disk": [],
            "service_account_id": "",
            "status": "running",
            "timeouts": null,
            "zone": "ru-central1-a"
          },
          "sensitive_attributes": [],
          "private": "eyJlMmJmYjczMC1lY2FhLTExZTYtOGY4OC0zNDM2M2JjN2M0YzAiOnsiY3JlYXRlIjozMDAwMDAwMDAwMDAsImRlbGV0ZSI6MzAwMDAwMDAwMDAwLCJ1cGRhdGUiOjMwMDAwMDAwMDAwMH0sInNjaGVtYV92ZXJzaW9uIjoiMSJ9",
          "dependencies": [
            "data.yandex_compute_image.ubuntu",
            "yandex_vpc_network.develop",
            "yandex_vpc_security_group.example",
            "yandex_vpc_subnet.develop"
          ]
        },
        {
          "index_key": 1,
          "schema_version": 1,
          "attributes": {
            "allow_recreate": null,
            "allow_stopping_for_update": null,
            "boot_disk": [
              {
                "auto_delete": true,
                "device_name": "fhm9p31m8e4sm4t9imik",
                "disk_id": "fhm9p31m8e4sm4t9imik",
                "initialize_params": [
                  {
                    "block_size": 4096,
                    "description": "",
                    "image_id": "fd8mkq33tt9kvi2c10e5",
                    "name": "",
                    "size": 5,
                    "snapshot_id": "",
                    "type": "network-hdd"
                  }
                ],
                "mode": "READ_WRITE"
              }
            ],
            "created_at": "2023-08-15T21:37:23Z",
            "description": "",
            "filesystem": [],
            "folder_id": "b1gmc813o5dk00lfnad5",
            "fqdn": "fhmh032rbf740pnf7ssv.auto.internal",
            "gpu_cluster_id": "",
            "hostname": "",
            "id": "fhmh032rbf740pnf7ssv",
            "labels": {},
            "local_disk": [],
            "metadata": {
              "serial-port-enable": "1",
              "ssh-keys": "ubuntu:ssh-rsa AAAAB3NzaC1yc2EAAAADAQABAAABgQDNdZXX1XUJIk37TdoXdDt7gTCtF02BJVhcLu390/iys+wj5QQ1jgCrWk5r6DRvdum6E8U5F8Ddfshm7wbgGVttj2cdHMqK8DiMAUeAW1Kh2bVXiy34QMnH355AzQ/9XmGSTL2w1AdtfbtARhZIkNxT07aEvMjv4ua2C0Nw14oX5t2EEQckQzCAL1+nncoPvJwJBlmt1sVKlGuQtGD+2PnQpdM/Y6sB9ovxlMtxSUvZLXRue9HtcYI+Ctpl24zFcHThpkX2ptCuA7BrZ1Mqc2oN3heRwsFEc+zE2zyXGclMPEJ8/QqjoklPaszVg5VGpyjY1RPWfdxLYa4nTSxkhbxpD0afmS6s6O4nS2hKV6zDvtYzm8FZbpo6UoqvmIwh+klGXp02Psls1dgDG5Peem9kkEnfT2g2UZUY7vTpbKMD+Eneea0gBjZwiATuKj3EJpXGeI/sYFjR6vFH00IWzKtaAF/OgGrMope8ZDqMj2ITtRj8xVZ7lHCQGi/DEim9rj8= root@ubuntu-desktop\n"
            },
            "metadata_options": [
              {
                "aws_v1_http_endpoint": 1,
                "aws_v1_http_token": 2,
                "gce_http_endpoint": 1,
                "gce_http_token": 1
              }
            ],
            "name": "web-2",
            "network_acceleration_type": "standard",
            "network_interface": [
              {
                "dns_record": [],
                "index": 0,
                "ip_address": "10.0.1.34",
                "ipv4": true,
                "ipv6": false,
                "ipv6_address": "",
                "ipv6_dns_record": [],
                "mac_address": "d0:0d:11:00:c5:b5",
                "nat": true,
                "nat_dns_record": [],
                "nat_ip_address": "158.160.44.152",
                "nat_ip_version": "IPV4",
                "security_group_ids": [
                  "enpoqqfvgogkdeb85q2v"
                ],
                "subnet_id": "e9bv6ca8ugu212dete28"
              }
            ],
            "placement_policy": [
              {
                "host_affinity_rules": [],
                "placement_group_id": ""
              }
            ],
            "platform_id": "standard-v1",
            "resources": [
              {
                "core_fraction": 5,
                "cores": 2,
                "gpus": 0,
                "memory": 1
              }
            ],
            "scheduling_policy": [
              {
                "preemptible": true
              }
            ],
            "secondary_disk": [],
            "service_account_id": "",
            "status": "running",
            "timeouts": null,
            "zone": "ru-central1-a"
          },
          "sensitive_attributes": [],
          "private": "eyJlMmJmYjczMC1lY2FhLTExZTYtOGY4OC0zNDM2M2JjN2M0YzAiOnsiY3JlYXRlIjozMDAwMDAwMDAwMDAsImRlbGV0ZSI6MzAwMDAwMDAwMDAwLCJ1cGRhdGUiOjMwMDAwMDAwMDAwMH0sInNjaGVtYV92ZXJzaW9uIjoiMSJ9",
          "dependencies": [
            "data.yandex_compute_image.ubuntu",
            "yandex_vpc_network.develop",
            "yandex_vpc_security_group.example",
            "yandex_vpc_subnet.develop"
          ]
        }
      ]
    },
    {
      "mode": "managed",
      "type": "yandex_vpc_network",
      "name": "develop",
      "provider": "provider[\"registry.terraform.io/yandex-cloud/yandex\"]",
      "instances": [
        {
          "schema_version": 0,
          "attributes": {
            "created_at": "2023-08-15T18:09:12Z",
            "default_security_group_id": "",
            "description": "",
            "folder_id": "b1gmc813o5dk00lfnad5",
            "id": "enpekg7u6cb0p4sd9kl0",
            "labels": {},
            "name": "develop",
            "subnet_ids": [
              "e9bv6ca8ugu212dete28"
            ],
            "timeouts": null
          },
          "sensitive_attributes": [],
          "private": "eyJlMmJmYjczMC1lY2FhLTExZTYtOGY4OC0zNDM2M2JjN2M0YzAiOnsiY3JlYXRlIjo2MDAwMDAwMDAwMCwiZGVsZXRlIjo2MDAwMDAwMDAwMCwidXBkYXRlIjo2MDAwMDAwMDAwMH19"
        }
      ]
    },
    {
      "mode": "managed",
      "type": "yandex_vpc_security_group",
      "name": "example",
      "provider": "provider[\"registry.terraform.io/yandex-cloud/yandex\"]",
      "instances": [
        {
          "schema_version": 0,
          "attributes": {
            "created_at": "2023-08-15T18:09:14Z",
            "description": "",
            "egress": [
              {
                "description": "разрешить весь исходящий трафик",
                "from_port": 0,
                "id": "enpa7dvlupmelucov52s",
                "labels": {},
                "port": -1,
                "predefined_target": "",
                "protocol": "TCP",
                "security_group_id": "",
                "to_port": 65365,
                "v4_cidr_blocks": [
                  "0.0.0.0/0"
                ],
                "v6_cidr_blocks": []
              }
            ],
            "folder_id": "b1gmc813o5dk00lfnad5",
            "id": "enpoqqfvgogkdeb85q2v",
            "ingress": [
              {
                "description": "разрешить входящий  http",
                "from_port": -1,
                "id": "enpcuuj11a845u5t1n5e",
                "labels": {},
                "port": 80,
                "predefined_target": "",
                "protocol": "TCP",
                "security_group_id": "",
                "to_port": -1,
                "v4_cidr_blocks": [
                  "0.0.0.0/0"
                ],
                "v6_cidr_blocks": []
              },
              {
                "description": "разрешить входящий https",
                "from_port": -1,
                "id": "enp13m9k0mfrj2vndii6",
                "labels": {},
                "port": 443,
                "predefined_target": "",
                "protocol": "TCP",
                "security_group_id": "",
                "to_port": -1,
                "v4_cidr_blocks": [
                  "0.0.0.0/0"
                ],
                "v6_cidr_blocks": []
              },
              {
                "description": "разрешить входящий ssh",
                "from_port": -1,
                "id": "enpniakfdth81fkjlaep",
                "labels": {},
                "port": 22,
                "predefined_target": "",
                "protocol": "TCP",
                "security_group_id": "",
                "to_port": -1,
                "v4_cidr_blocks": [
                  "0.0.0.0/0"
                ],
                "v6_cidr_blocks": []
              }
            ],
            "labels": {},
            "name": "example_dynamic",
            "network_id": "enpekg7u6cb0p4sd9kl0",
            "status": "ACTIVE",
            "timeouts": null
          },
          "sensitive_attributes": [],
          "private": "eyJlMmJmYjczMC1lY2FhLTExZTYtOGY4OC0zNDM2M2JjN2M0YzAiOnsiY3JlYXRlIjoxODAwMDAwMDAwMDAsImRlbGV0ZSI6MTgwMDAwMDAwMDAwLCJ1cGRhdGUiOjE4MDAwMDAwMDAwMH19",
          "dependencies": [
            "yandex_vpc_network.develop"
          ]
        }
      ]
    },
    {
      "mode": "managed",
      "type": "yandex_vpc_subnet",
      "name": "develop",
      "provider": "provider[\"registry.terraform.io/yandex-cloud/yandex\"]",
      "instances": [
        {
          "schema_version": 0,
          "attributes": {
            "created_at": "2023-08-15T18:09:13Z",
            "description": "",
            "dhcp_options": [],
            "folder_id": "b1gmc813o5dk00lfnad5",
            "id": "e9bv6ca8ugu212dete28",
            "labels": {},
            "name": "develop",
            "network_id": "enpekg7u6cb0p4sd9kl0",
            "route_table_id": "",
            "timeouts": null,
            "v4_cidr_blocks": [
              "10.0.1.0/24"
            ],
            "v6_cidr_blocks": [],
            "zone": "ru-central1-a"
          },
          "sensitive_attributes": [],
          "private": "eyJlMmJmYjczMC1lY2FhLTExZTYtOGY4OC0zNDM2M2JjN2M0YzAiOnsiY3JlYXRlIjoxODAwMDAwMDAwMDAsImRlbGV0ZSI6MTgwMDAwMDAwMDAwLCJ1cGRhdGUiOjE4MDAwMDAwMDAwMH19",
          "dependencies": [
            "yandex_vpc_network.develop"
          ]
        }
      ]
    }
  ],
  "check_results": null
}
